{
    "_meta": {
        "hash": {
            "sha256": "7f5f161398f7450d7f37a8719ef8a5955d54be6284a49ce1b8cd22c62812efbf"
        },
        "pipfile-spec": 6,
        "requires": {
            "python_version": "3.7"
        },
        "sources": [
            {
                "name": "pypi",
                "url": "https://pypi.org/simple",
                "verify_ssl": true
            }
        ]
    },
    "default": {
        "certifi": {
            "hashes": [
                "sha256:1a4995114262bffbc2413b159f2a1a480c969de6e6eb13ee966d470af86af59c",
                "sha256:719a74fb9e33b9bd44cc7f3a8d94bc35e4049deebe19ba7d8e108280cfd59830"
            ],
            "version": "==2020.12.5"
        },
        "chardet": {
            "hashes": [
                "sha256:84ab92ed1c4d4f16916e05906b6b75a6c0fb5db821cc65e70cbd64a3e2a5eaae",
                "sha256:fc323ffcaeaed0e0a02bf4d117757b98aed530d9ed4531e3e15460124c106691"
            ],
            "version": "==3.0.4"
        },
        "idna": {
            "hashes": [
                "sha256:c357b3f628cf53ae2c4c05627ecc484553142ca23264e593d327bcde5e9c3407",
                "sha256:ea8b7f6188e6fa117537c3df7da9fc686d485087abf6ac197f9c46432f7e4a3c"
            ],
            "version": "==2.8"
        },
        "mock": {
            "hashes": [
                "sha256:122fcb64ee37cfad5b3f48d7a7d51875d7031aaf3d8be7c42e2bee25044eee62",
                "sha256:7d3fbbde18228f4ff2f1f119a45cdffa458b4c0dee32eb4d2bb2f82554bac7bc"
            ],
            "version": "==4.0.3"
        },
        "numexpr": {
            "hashes": [
                "sha256:05b97b19e864a5d1a0b106933b1637233a2444fd375685bead264a818f847ef2",
                "sha256:0732c9989bff8568ee78fa461f3698166d4ac79363860be22ff49eae1dcd15e7",
                "sha256:23718ac5f2ebae995f5899509624781b375da568f2b645b5d1fd6dbb17f41a56",
                "sha256:24cdb8c0e93f31387a4c2ddd09a687874c006e6139fd68bcf77b96e51d17cb01",
                "sha256:2e14b44a79030fbe25f16393162a4d21ced14056fac49ff73856f661a78db731",
                "sha256:3daa55515ee3cb40bf5ab8263c0c13fff8d484d64d107a9c414e8ca151dc08a6",
                "sha256:43616529f9b7d1afc83386f943dc66c4da5e052f00217ba7e3ad8dd1b5f3a825",
                "sha256:4527a0a7b04f858a73c348c9c4ce8441b7a54965db74a32ba808c51d9d53b7cd",
                "sha256:51277a530a353e0f94665b44615249d7e7075f0c73f78d4743da632fc44bc648",
                "sha256:5223a519f48754dd350723d9fbcadbcd0476881bc954a281a09a6538ecabfc27",
                "sha256:5d6dbf050a9b8ebff0b7706ebeaf1cd57d64ef4dfe61aef3790851b481daf6b5",
                "sha256:5f4122bd58aa4e4891814c2f72bd47b1cdb202c9d863ea96c5394dffb72a16e2",
                "sha256:602df9b5c500d0a887dc96b4cfd16fb60ae7ef39ccd6f013f4df2ee11ae70553",
                "sha256:618259287b8b81a352a7d088ad03fe3b393a842ccb45f0b3cfc6a712d41b7595",
                "sha256:74df157ab4577bfc83c14f4e39d14781b06ade5406d3efef049f90c88d8c28ea",
                "sha256:785065819ce98e3d3dd853794244e0de190d7ba36ab42c8fd79e0e9cd40de7af",
                "sha256:7ab40e2b438f4ea2ea8234c63639cdf5072cdb29d0ac521307854efe0281a567",
                "sha256:833a363c86266424349467b53f4060f77aaa7ec03c1e6f38c54e69c65ceebf30",
                "sha256:8b76bcca930cbf0db0fe98b6a51d6286dff77d525dad670cb7750e29a138d434",
                "sha256:8fc23a49f4266c24a23310c0cb92ff54c4b4f535635f90372b3a2d5cb1f83329",
                "sha256:90ea6d5813e1906bb203ef220a600b30d83e75aea2607a7e7037cceae9e93346",
                "sha256:97753d17d1ea39e082b1907b99b6cb63cac7d1dfa512d2ff5079eb7bfab1ea88",
                "sha256:99472731bc1111f5d73285dd2a4c228b5bfb176f785a567872e0fbfec6584f2b",
                "sha256:a3f1cec8657bd3920869a2ea27f98d68ac3000334f366d844a9670ae671fe4bd",
                "sha256:a8e0e48d72391543b68d0471fac2e31c614efdce4036e2a0a8a182fde1edb0e0",
                "sha256:aae4ce158da53ebc47df053de90fed9d0d51fa0df8cc481abc8a901ea4f0cec7",
                "sha256:b0a9124a66a61b05ea84b832358d6aa5561c30e69b4dcaea819b296f4f025f89",
                "sha256:c2605e5665b0d7362e0d2b92683387c12e15c7440daf702a7637f7502a967810",
                "sha256:c9218aeb76717768f617362b72a87e9219da95ba7cdec0732ccecc4a4719124c",
                "sha256:c978c49bd9dded6a4ba6b3501e3a34e3aba9312cbb7d800bed7ac6fcd2d5949d",
                "sha256:d14ae09318ad86579e35aacf1596c83d5db1139cd68615967ee23605e11f5d82",
                "sha256:d423441593a952ac56d1f774068b81fb22f514fb68873c066578345a6af74c0d",
                "sha256:dc707486b1f3dda18a39bc4d06a0a09d3c0ea47bd6b99fdb98adb26d1277253f",
                "sha256:dfdca3d1f4c83fa8fd3ee7573110efd13e838543896641b89367622ec6a67eb4",
                "sha256:e000570a6a704c594832ff4fc45f18864b721b7b444a185b365dbb03d3fe3abb",
                "sha256:e985026e64350dd59fd91a09bc364edf706d58b12e01362ddfa63829878bd434",
                "sha256:eeeb6325df6cf3f3ab7d9dbabf3bc03ac88b7e2f2aed21419c31e23c3048dce1",
                "sha256:f9df0a74d39616fd011071c5850418f244bac414f24ed55c00dcf3c5385e8374"
            ],
            "version": "==2.7.3"
        },
        "numpy": {
            "hashes": [
                "sha256:0778076e764e146d3078b17c24c4d89e0ecd4ac5401beff8e1c87879043a0633",
                "sha256:141c7102f20abe6cf0d54c4ced8d565b86df4d3077ba2343b61a6db996cefec7",
                "sha256:14270a1ee8917d11e7753fb54fc7ffd1934f4d529235beec0b275e2ccf00333b",
                "sha256:27e11c7a8ec9d5838bc59f809bfa86efc8a4fd02e58960fa9c49d998e14332d5",
                "sha256:2a04dda79606f3d2f760384c38ccd3d5b9bb79d4c8126b67aff5eb09a253763e",
                "sha256:3c26010c1b51e1224a3ca6b8df807de6e95128b0908c7e34f190e7775455b0ca",
                "sha256:52c40f1a4262c896420c6ea1c6fda62cf67070e3947e3307f5562bd783a90336",
                "sha256:6e4f8d9e8aa79321657079b9ac03f3cf3fd067bf31c1cca4f56d49543f4356a5",
                "sha256:7242be12a58fec245ee9734e625964b97cf7e3f2f7d016603f9e56660ce479c7",
                "sha256:7dc253b542bfd4b4eb88d9dbae4ca079e7bf2e2afd819ee18891a43db66c60c7",
                "sha256:94f5bd885f67bbb25c82d80184abbf7ce4f6c3c3a41fbaa4182f034bba803e69",
                "sha256:a89e188daa119ffa0d03ce5123dee3f8ffd5115c896c2a9d4f0dbb3d8b95bfa3",
                "sha256:ad3399da9b0ca36e2f24de72f67ab2854a62e623274607e37e0ce5f5d5fa9166",
                "sha256:b0348be89275fd1d4c44ffa39530c41a21062f52299b1e3ee7d1c61f060044b8",
                "sha256:b5554368e4ede1856121b0dfa35ce71768102e4aa55e526cb8de7f374ff78722",
                "sha256:cbddc56b2502d3f87fda4f98d948eb5b11f36ff3902e17cb6cc44727f2200525",
                "sha256:d79f18f41751725c56eceab2a886f021d70fd70a6188fd386e29a045945ffc10",
                "sha256:dc2ca26a19ab32dc475dbad9dfe723d3a64c835f4c23f625c2b6566ca32b9f29",
                "sha256:dd9bcd4f294eb0633bb33d1a74febdd2b9018b8b8ed325f861fffcd2c7660bb8",
                "sha256:e8baab1bc7c9152715844f1faca6744f2416929de10d7639ed49555a85549f52",
                "sha256:ec31fe12668af687b99acf1567399632a7c47b0e17cfb9ae47c098644ef36797",
                "sha256:f12b4f7e2d8f9da3141564e6737d79016fe5336cc92de6814eba579744f65b0a",
                "sha256:f58ac38d5ca045a377b3b377c84df8175ab992c970a53332fa8ac2373df44ff7"
            ],
            "index": "pypi",
            "version": "==1.16.4"
        },
        "pandas": {
            "hashes": [
                "sha256:071e42b89b57baa17031af8c6b6bbd2e9a5c68c595bc6bf9adabd7a9ed125d3b",
                "sha256:17450e25ae69e2e6b303817bdf26b2cd57f69595d8550a77c308be0cd0fd58fa",
                "sha256:17916d818592c9ec891cbef2e90f98cc85e0f1e89ed0924c9b5220dc3209c846",
                "sha256:2538f099ab0e9f9c9d09bbcd94b47fd889bad06dc7ae96b1ed583f1dc1a7a822",
                "sha256:366f30710172cb45a6b4f43b66c220653b1ea50303fbbd94e50571637ffb9167",
                "sha256:42e5ad741a0d09232efbc7fc648226ed93306551772fc8aecc6dce9f0e676794",
                "sha256:4e718e7f395ba5bfe8b6f6aaf2ff1c65a09bb77a36af6394621434e7cc813204",
                "sha256:4f919f409c433577a501e023943e582c57355d50a724c589e78bc1d551a535a2",
                "sha256:4fe0d7e6438212e839fc5010c78b822664f1a824c0d263fd858f44131d9166e2",
                "sha256:5149a6db3e74f23dc3f5a216c2c9ae2e12920aa2d4a5b77e44e5b804a5f93248",
                "sha256:627594338d6dd995cfc0bacd8e654cd9e1252d2a7c959449228df6740d737eb8",
                "sha256:83c702615052f2a0a7fb1dd289726e29ec87a27272d775cb77affe749cca28f8",
                "sha256:8c872f7fdf3018b7891e1e3e86c55b190e6c5cee70cab771e8f246c855001296",
                "sha256:90f116086063934afd51e61a802a943826d2aac572b2f7d55caaac51c13db5b5",
                "sha256:a3352bacac12e1fc646213b998bce586f965c9d431773d9e91db27c7c48a1f7d",
                "sha256:bcdd06007cca02d51350f96debe51331dec429ac8f93930a43eb8fb5639e3eb5",
                "sha256:c1bd07ebc15285535f61ddd8c0c75d0d6293e80e1ee6d9a8d73f3f36954342d0",
                "sha256:c9a4b7c55115eb278c19aa14b34fcf5920c8fe7797a09b7b053ddd6195ea89b3",
                "sha256:cc8fc0c7a8d5951dc738f1c1447f71c43734244453616f32b8aa0ef6013a5dfb",
                "sha256:d7b460bc316064540ce0c41c1438c416a40746fd8a4fb2999668bf18f3c4acf1"
            ],
            "index": "pypi",
            "version": "==0.24.2"
        },
        "python-dateutil": {
            "hashes": [
                "sha256:73ebfe9dbf22e832286dafa60473e4cd239f8592f699aa5adaf10050e6e1823c",
                "sha256:75bb3f31ea686f1197762692a9ee6a7550b59fc6ca3a1f4b5d7e32fb98e2da2a"
            ],
            "version": "==2.8.1"
        },
        "pytz": {
            "hashes": [
                "sha256:83a4a90894bf38e243cf052c8b58f381bfe9a7a483f6a9cab140bc7f702ac4da",
                "sha256:eb10ce3e7736052ed3623d49975ce333bcd712c7bb19a58b9e2089d4057d0798"
            ],
            "version": "==2021.1"
        },
        "requests": {
            "hashes": [
                "sha256:11e007a8a2aa0323f5a921e9e6a2d7e4e67d9877e85773fba9ba6419025cbeb4",
                "sha256:9cf5292fcd0f598c671cfc1e0d7d1a7f13bb8085e9a590f48c010551dc6c4b31"
            ],
            "index": "pypi",
            "version": "==2.22.0"
        },
        "scipy": {
            "hashes": [
                "sha256:03b1e0775edbe6a4c64effb05fff2ce1429b76d29d754aa5ee2d848b60033351",
                "sha256:09d008237baabf52a5d4f5a6fcf9b3c03408f3f61a69c404472a16861a73917e",
                "sha256:10325f0ffac2400b1ec09537b7e403419dcd25d9fee602a44e8a32119af9079e",
                "sha256:1db9f964ed9c52dc5bd6127f0dd90ac89791daa690a5665cc01eae185912e1ba",
                "sha256:409846be9d6bdcbd78b9e5afe2f64b2da5a923dd7c1cd0615ce589489533fdbb",
                "sha256:4907040f62b91c2e170359c3d36c000af783f0fa1516a83d6c1517cde0af5340",
                "sha256:6c0543f2fdd38dee631fb023c0f31c284a532d205590b393d72009c14847f5b1",
                "sha256:826b9f5fbb7f908a13aa1efd4b7321e36992f5868d5d8311c7b40cf9b11ca0e7",
                "sha256:a7695a378c2ce402405ea37b12c7a338a8755e081869bd6b95858893ceb617ae",
                "sha256:a84c31e8409b420c3ca57fd30c7589378d6fdc8d155d866a7f8e6e80dec6fd06",
                "sha256:adadeeae5500de0da2b9e8dd478520d0a9945b577b2198f2462555e68f58e7ef",
                "sha256:b283a76a83fe463c9587a2c88003f800e08c3929dfbeba833b78260f9c209785",
                "sha256:c19a7389ab3cd712058a8c3c9ffd8d27a57f3d84b9c91a931f542682bb3d269d",
                "sha256:c3bb4bd2aca82fb498247deeac12265921fe231502a6bc6edea3ee7fe6c40a7a",
                "sha256:c5ea60ece0c0c1c849025bfc541b60a6751b491b6f11dd9ef37ab5b8c9041921",
                "sha256:db61a640ca20f237317d27bc658c1fc54c7581ff7f6502d112922dc285bdabee"
            ],
            "index": "pypi",
            "version": "==1.3.0"
        },
        "six": {
            "hashes": [
                "sha256:30639c035cdb23534cd4aa2dd52c3bf48f06e5f4a941509c8bafd8ce11080259",
                "sha256:8b74bedcbbbaca38ff6d7491d76f2b06b3592611af620f8426e82dddb04a5ced"
            ],
            "version": "==1.15.0"
        },
        "tables": {
            "hashes": [
                "sha256:018cc65a36578e3a8d05465a97d596e3a13707ed6970bacaf3ab0b91759f0e4d",
                "sha256:069cca4fc81fd464fe4654d13f4193cfb81a22de524abeaf7295f6400b30f381",
                "sha256:23065545e018d65dc209156805aa3e933c9872de6d63c623048524f54b16147f",
                "sha256:459596b4f73c12511e97c985ebe1f36a58fb13543a9cc22f4a0a326497221f1e",
                "sha256:4bd24a3dbf9272a7f886b1443f916ad25205fc8a1237a280d94ccd1bfa886fe1",
                "sha256:5972fd758b2e0f535e7b6ec07532dcd41a0a98421205a9dad54eca053b8a9535",
                "sha256:6100623e7fbc820ee5d1f7e82ac50a38062ab93e6e96d7a90c0fb70776d95847",
                "sha256:63c1a1059a42be4519db6e337f692b150f50d71d57f70614ffbe0551b19cdd05",
                "sha256:65d84305c5aa05c5c020d6afb39f07d7a01b1b7efaad1feb4c7f484df08371f2",
                "sha256:6d6a88b7c51ec04ed8d0bead5a31ff67246a4f28fa32d1efe066f385149fc3f5",
                "sha256:8fde91ab80e588a3fd71fe0476d7e77cd51f5bbab9163965f21f3d637bc2351f",
                "sha256:91d76df0b4931fa110839f594e8ccdc535d1c94a46ea0cab7af8b993b951e05a",
                "sha256:9ddd36f0b0fc7aa53d47e64d068578e7a857a93c6fb56ed6598285990c33eecf",
                "sha256:a2d3da09e5b0cb7e3a6cd3cb8c37353ea5c14025d8ae2a832cce405f9c2e987e",
                "sha256:b220e32262bab320aa41d33125a7851ff898be97c0de30b456247508e2cc33c2",
                "sha256:b82a793ae1918da828d5339958e994c21d46cae504847affcd40b8ec7c9543e0",
                "sha256:bc648f3d2384670f53f6bf11eb843761480605a27ade4ec655ea11aca5dd9db0",
                "sha256:bf42234f35d57b4c3c8014755dd95f32eec95e62438a88eeaaa85b9bf6b617e5",
                "sha256:cb60f23c3d9153fca46c73fa84c399f50fdd7521ecf7fa3fde166eacf910f122",
                "sha256:d62b8348b3c6a417051fa342e312c336026f57e26b2447647deb48919f2a8c54",
                "sha256:dd3e8682eb0db2858bd5aff8c62ac0de0ff15c0dd24328a9d85a5985d4224e7c",
                "sha256:ddb08ef4ecae14769029ab793778c805911d1a1fdcdce37cf5358f4573833e55",
                "sha256:e8698042f63530b1f1f1b2aa1deacdeac85fb01d35393a24aa64675aa5809f4e"
            ],
            "index": "pypi",
            "version": "==3.5.2"
        },
        "urllib3": {
            "hashes": [
                "sha256:2f3db8b19923a873b3e5256dc9c2dedfa883e33d87c690d9c7913e1f40673cdc",
                "sha256:87716c2d2a7121198ebcb7ce7cccf6ce5e9ba539041cfbaeecfb641dc0bf6acc"
            ],
            "index": "pypi",
            "version": "==1.25.8"
        }
    },
    "develop": {
        "autopep8": {
            "hashes": [
                "sha256:4d8eec30cc81bc5617dbf1218201d770dc35629363547f17577c61683ccfb3ee"
            ],
            "index": "pypi",
            "version": "==1.4.4"
        },
        "pycodestyle": {
            "hashes": [
                "sha256:514f76d918fcc0b55c6680472f0a37970994e07bbb80725808c17089be302068",
                "sha256:c389c1d06bf7904078ca03399a4816f974a1d590090fecea0c63ec26ebaf1cef"
            ],
            "version": "==2.7.0"
        },
        "rope": {
            "hashes": [
                "sha256:6b728fdc3e98a83446c27a91fc5d56808a004f8beab7a31ab1d7224cecc7d969",
                "sha256:c5c5a6a87f7b1a2095fb311135e2a3d1f194f5ecb96900fdd0a9100881f48aaf",
                "sha256:f0dcf719b63200d492b85535ebe5ea9b29e0d0b8aebeb87fe03fc1a65924fdaf"
            ],
            "index": "pypi",
            "version": "==0.14.0"
        }
    }
}
